// !$*UTF8*$!
{
	archiveVersion = 1;
	classes = {
	};
	objectVersion = 46;
	objects = {

/* Begin PBXBuildFile section */
		B24500041A0421BF00926802 /* AppDelegate.swift in Sources */ = {isa = PBXBuildFile; fileRef = B24500031A0421BF00926802 /* AppDelegate.swift */; };
		B24500061A0421BF00926802 /* ViewController.swift in Sources */ = {isa = PBXBuildFile; fileRef = B24500051A0421BF00926802 /* ViewController.swift */; };
		B24500091A0421BF00926802 /* Main.storyboard in Resources */ = {isa = PBXBuildFile; fileRef = B24500071A0421BF00926802 /* Main.storyboard */; };
		B245000B1A0421BF00926802 /* Images.xcassets in Resources */ = {isa = PBXBuildFile; fileRef = B245000A1A0421BF00926802 /* Images.xcassets */; };
		B245000E1A0421BF00926802 /* LaunchScreen.xib in Resources */ = {isa = PBXBuildFile; fileRef = B245000C1A0421BF00926802 /* LaunchScreen.xib */; };
		B245001A1A0421BF00926802 /* HelloWorldTests.swift in Sources */ = {isa = PBXBuildFile; fileRef = B24500191A0421BF00926802 /* HelloWorldTests.swift */; };
/* End PBXBuildFile section */

/* Begin PBXContainerItemProxy section */
		B24500141A0421BF00926802 /* PBXContainerItemProxy */ = {
			isa = PBXContainerItemProxy;
			containerPortal = B245FFF61A0421BF00926802 /* Project object */;
			proxyType = 1;
			remoteGlobalIDString = B245FFFD1A0421BF00926802;
			remoteInfo = HelloWorld;
		};
/* End PBXContainerItemProxy section */

/* Begin PBXFileReference section */
		B24500021A0421BF00926802 /* Info.plist */ = {isa = PBXFileReference; lastKnownFileType = text.plist.xml; path = Info.plist; sourceTree = "<group>"; };
		B24500031A0421BF00926802 /* AppDelegate.swift */ = {isa = PBXFileReference; lastKnownFileType = sourcecode.swift; path = AppDelegate.swift; sourceTree = "<group>"; };
		B24500051A0421BF00926802 /* ViewController.swift */ = {isa = PBXFileReference; lastKnownFileType = sourcecode.swift; path = ViewController.swift; sourceTree = "<group>"; };
		B24500081A0421BF00926802 /* Base */ = {isa = PBXFileReference; lastKnownFileType = file.storyboard; name = Base; path = Base.lproj/Main.storyboard; sourceTree = "<group>"; };
		B245000A1A0421BF00926802 /* Images.xcassets */ = {isa = PBXFileReference; lastKnownFileType = folder.assetcatalog; path = Images.xcassets; sourceTree = "<group>"; };
		B245000D1A0421BF00926802 /* Base */ = {isa = PBXFileReference; lastKnownFileType = file.xib; name = Base; path = Base.lproj/LaunchScreen.xib; sourceTree = "<group>"; };
		B24500131A0421BF00926802 /* HelloWorldTests.xctest */ = {isa = PBXFileReference; explicitFileType = wrapper.cfbundle; includeInIndex = 0; path = HelloWorldTests.xctest; sourceTree = BUILT_PRODUCTS_DIR; };
		B24500181A0421BF00926802 /* Info.plist */ = {isa = PBXFileReference; lastKnownFileType = text.plist.xml; path = Info.plist; sourceTree = "<group>"; };
		B24500191A0421BF00926802 /* HelloWorldTests.swift */ = {isa = PBXFileReference; lastKnownFileType = sourcecode.swift; path = HelloWorldTests.swift; sourceTree = "<group>"; };
		B245FFFE1A0421BF00926802 /* HelloWorld.app */ = {isa = PBXFileReference; explicitFileType = wrapper.application; includeInIndex = 0; path = HelloWorld.app; sourceTree = BUILT_PRODUCTS_DIR; };
/* End PBXFileReference section */

/* Begin PBXFrameworksBuildPhase section */
		B24500101A0421BF00926802 /* Frameworks */ = {
			isa = PBXFrameworksBuildPhase;
			buildActionMask = 2147483647;
			files = (
			);
			runOnlyForDeploymentPostprocessing = 0;
		};
		B245FFFB1A0421BF00926802 /* Frameworks */ = {
			isa = PBXFrameworksBuildPhase;
			buildActionMask = 2147483647;
			files = (
			);
			runOnlyForDeploymentPostprocessing = 0;
		};
/* End PBXFrameworksBuildPhase section */

/* Begin PBXGroup section */
		B24500001A0421BF00926802 /* HelloWorld */ = {
			isa = PBXGroup;
			children = (
				B24500031A0421BF00926802 /* AppDelegate.swift */,
				B24500051A0421BF00926802 /* ViewController.swift */,
				B24500071A0421BF00926802 /* Main.storyboard */,
				B245000A1A0421BF00926802 /* Images.xcassets */,
				B245000C1A0421BF00926802 /* LaunchScreen.xib */,
				B24500011A0421BF00926802 /* Supporting Files */,
			);
			path = HelloWorld;
			sourceTree = "<group>";
		};
		B24500011A0421BF00926802 /* Supporting Files */ = {
			isa = PBXGroup;
			children = (
				B24500021A0421BF00926802 /* Info.plist */,
			);
			name = "Supporting Files";
			sourceTree = "<group>";
		};
		B24500161A0421BF00926802 /* HelloWorldTests */ = {
			isa = PBXGroup;
			children = (
				B24500191A0421BF00926802 /* HelloWorldTests.swift */,
				B24500171A0421BF00926802 /* Supporting Files */,
			);
			path = HelloWorldTests;
			sourceTree = "<group>";
		};
		B24500171A0421BF00926802 /* Supporting Files */ = {
			isa = PBXGroup;
			children = (
				B24500181A0421BF00926802 /* Info.plist */,
			);
			name = "Supporting Files";
			sourceTree = "<group>";
		};
		B245FFF51A0421BF00926802 = {
			isa = PBXGroup;
			children = (
				B24500001A0421BF00926802 /* HelloWorld */,
				B24500161A0421BF00926802 /* HelloWorldTests */,
				B245FFFF1A0421BF00926802 /* Products */,
			);
			sourceTree = "<group>";
		};
		B245FFFF1A0421BF00926802 /* Products */ = {
			isa = PBXGroup;
			children = (
				B245FFFE1A0421BF00926802 /* HelloWorld.app */,
				B24500131A0421BF00926802 /* HelloWorldTests.xctest */,
			);
			name = Products;
			sourceTree = "<group>";
		};
/* End PBXGroup section */

/* Begin PBXNativeTarget section */
		B24500121A0421BF00926802 /* HelloWorldTests */ = {
			isa = PBXNativeTarget;
			buildConfigurationList = B24500201A0421BF00926802 /* Build configuration list for PBXNativeTarget "HelloWorldTests" */;
			buildPhases = (
				B245000F1A0421BF00926802 /* Sources */,
				B24500101A0421BF00926802 /* Frameworks */,
				B24500111A0421BF00926802 /* Resources */,
			);
			buildRules = (
			);
			dependencies = (
				B24500151A0421BF00926802 /* PBXTargetDependency */,
			);
			name = HelloWorldTests;
			productName = HelloWorldTests;
			productReference = B24500131A0421BF00926802 /* HelloWorldTests.xctest */;
			productType = "com.apple.product-type.bundle.unit-test";
		};
		B245FFFD1A0421BF00926802 /* HelloWorld */ = {
			isa = PBXNativeTarget;
			buildConfigurationList = B245001D1A0421BF00926802 /* Build configuration list for PBXNativeTarget "HelloWorld" */;
			buildPhases = (
				B245FFFA1A0421BF00926802 /* Sources */,
				B245FFFB1A0421BF00926802 /* Frameworks */,
				B245FFFC1A0421BF00926802 /* Resources */,
			);
			buildRules = (
			);
			dependencies = (
			);
			name = HelloWorld;
			productName = HelloWorld;
			productReference = B245FFFE1A0421BF00926802 /* HelloWorld.app */;
			productType = "com.apple.product-type.application";
		};
/* End PBXNativeTarget section */

/* Begin PBXProject section */
		B245FFF61A0421BF00926802 /* Project object */ = {
			isa = PBXProject;
			attributes = {
				LastUpgradeCheck = 0610;
				ORGANIZATIONNAME = "Ben Blanchard";
				TargetAttributes = {
					B24500121A0421BF00926802 = {
						CreatedOnToolsVersion = 6.1;
						TestTargetID = B245FFFD1A0421BF00926802;
					};
					B245FFFD1A0421BF00926802 = {
						CreatedOnToolsVersion = 6.1;
					};
				};
			};
			buildConfigurationList = B245FFF91A0421BF00926802 /* Build configuration list for PBXProject "HelloWorld" */;
			compatibilityVersion = "Xcode 3.2";
			developmentRegion = English;
			hasScannedForEncodings = 0;
			knownRegions = (
				en,
				Base,
			);
			mainGroup = B245FFF51A0421BF00926802;
			productRefGroup = B245FFFF1A0421BF00926802 /* Products */;
			projectDirPath = "";
			projectRoot = "";
			targets = (
				B245FFFD1A0421BF00926802 /* HelloWorld */,
				B24500121A0421BF00926802 /* HelloWorldTests */,
			);
		};
/* End PBXProject section */

/* Begin PBXResourcesBuildPhase section */
		B24500111A0421BF00926802 /* Resources */ = {
			isa = PBXResourcesBuildPhase;
			buildActionMask = 2147483647;
			files = (
			);
			runOnlyForDeploymentPostprocessing = 0;
		};
		B245FFFC1A0421BF00926802 /* Resources */ = {
			isa = PBXResourcesBuildPhase;
			buildActionMask = 2147483647;
			files = (
				B24500091A0421BF00926802 /* Main.storyboard in Resources */,
				B245000E1A0421BF00926802 /* LaunchScreen.xib in Resources */,
				B245000B1A0421BF00926802 /* Images.xcassets in Resources */,
			);
			runOnlyForDeploymentPostprocessing = 0;
		};
/* End PBXResourcesBuildPhase section */

/* Begin PBXSourcesBuildPhase section */
		B245000F1A0421BF00926802 /* Sources */ = {
			isa = PBXSourcesBuildPhase;
			buildActionMask = 2147483647;
			files = (
				B245001A1A0421BF00926802 /* HelloWorldTests.swift in Sources */,
			);
			runOnlyForDeploymentPostprocessing = 0;
		};
		B245FFFA1A0421BF00926802 /* Sources */ = {
			isa = PBXSourcesBuildPhase;
			buildActionMask = 2147483647;
			files = (
				B24500061A0421BF00926802 /* ViewController.swift in Sources */,
				B24500041A0421BF00926802 /* AppDelegate.swift in Sources */,
			);
			runOnlyForDeploymentPostprocessing = 0;
		};
/* End PBXSourcesBuildPhase section */

/* Begin PBXTargetDependency section */
		B24500151A0421BF00926802 /* PBXTargetDependency */ = {
			isa = PBXTargetDependency;
			target = B245FFFD1A0421BF00926802 /* HelloWorld */;
			targetProxy = B24500141A0421BF00926802 /* PBXContainerItemProxy */;
		};
/* End PBXTargetDependency section */

/* Begin PBXVariantGroup section */
		B24500071A0421BF00926802 /* Main.storyboard */ = {
			isa = PBXVariantGroup;
			children = (
				B24500081A0421BF00926802 /* Base */,
			);
			name = Main.storyboard;
			sourceTree = "<group>";
		};
		B245000C1A0421BF00926802 /* LaunchScreen.xib */ = {
			isa = PBXVariantGroup;
			children = (
				B245000D1A0421BF00926802 /* Base */,
			);
			name = LaunchScreen.xib;
			sourceTree = "<group>";
		};
/* End PBXVariantGroup section */

/* Begin XCBuildConfiguration section */
		B245001B1A0421BF00926802 /* Debug */ = {
			isa = XCBuildConfiguration;
			buildSettings = {
				ALWAYS_SEARCH_USER_PATHS = NO;
				CLANG_CXX_LANGUAGE_STANDARD = "gnu++0x";
				CLANG_CXX_LIBRARY = "libc++";
				CLANG_ENABLE_MODULES = YES;
				CLANG_ENABLE_OBJC_ARC = YES;
				CLANG_WARN_BOOL_CONVERSION = YES;
				CLANG_WARN_CONSTANT_CONVERSION = YES;
				CLANG_WARN_DIRECT_OBJC_ISA_USAGE = YES_ERROR;
				CLANG_WARN_EMPTY_BODY = YES;
				CLANG_WARN_ENUM_CONVERSION = YES;
				CLANG_WARN_INT_CONVERSION = YES;
				CLANG_WARN_OBJC_ROOT_CLASS = YES_ERROR;
				CLANG_WARN_UNREACHABLE_CODE = YES;
				CLANG_WARN__DUPLICATE_METHOD_MATCH = YES;
				"CODE_SIGN_IDENTITY[sdk=iphoneos*]" = "iPhone Developer";
				COPY_PHASE_STRIP = NO;
				ENABLE_STRICT_OBJC_MSGSEND = YES;
				GCC_C_LANGUAGE_STANDARD = gnu99;
				GCC_DYNAMIC_NO_PIC = NO;
				GCC_OPTIMIZATION_LEVEL = 0;
				GCC_PREPROCESSOR_DEFINITIONS = (
					"DEBUG=1",
					"$(inherited)",
				);
				GCC_SYMBOLS_PRIVATE_EXTERN = NO;
				GCC_WARN_64_TO_32_BIT_CONVERSION = YES;
				GCC_WARN_ABOUT_RETURN_TYPE = YES_ERROR;
				GCC_WARN_UNDECLARED_SELECTOR = YES;
				GCC_WARN_UNINITIALIZED_AUTOS = YES_AGGRESSIVE;
				GCC_WARN_UNUSED_FUNCTION = YES;
				GCC_WARN_UNUSED_VARIABLE = YES;
				IPHONEOS_DEPLOYMENT_TARGET = 8.1;
				MTL_ENABLE_DEBUG_INFO = YES;
				ONLY_ACTIVE_ARCH = YES;
				SDKROOT = iphoneos;
				SWIFT_OPTIMIZATION_LEVEL = "-Onone";
			};
			name = Debug;
		};
		B245001C1A0421BF00926802 /* Release */ = {
			isa = XCBuildConfiguration;
			buildSettings = {
				ALWAYS_SEARCH_USER_PATHS = NO;
				CLANG_CXX_LANGUAGE_STANDARD = "gnu++0x";
				CLANG_CXX_LIBRARY = "libc++";
				CLANG_ENABLE_MODULES = YES;
				CLANG_ENABLE_OBJC_ARC = YES;
				CLANG_WARN_BOOL_CONVERSION = YES;
				CLANG_WARN_CONSTANT_CONVERSION = YES;
				CLANG_WARN_DIRECT_OBJC_ISA_USAGE = YES_ERROR;
				CLANG_WARN_EMPTY_BODY = YES;
				CLANG_WARN_ENUM_CONVERSION = YES;
				CLANG_WARN_INT_CONVERSION = YES;
				CLANG_WARN_OBJC_ROOT_CLASS = YES_ERROR;
				CLANG_WARN_UNREACHABLE_CODE = YES;
				CLANG_WARN__DUPLICATE_METHOD_MATCH = YES;
				"CODE_SIGN_IDENTITY[sdk=iphoneos*]" = "iPhone Developer";
				COPY_PHASE_STRIP = YES;
				ENABLE_NS_ASSERTIONS = NO;
				ENABLE_STRICT_OBJC_MSGSEND = YES;
				GCC_C_LANGUAGE_STANDARD = gnu99;
				GCC_WARN_64_TO_32_BIT_CONVERSION = YES;
				GCC_WARN_ABOUT_RETURN_TYPE = YES_ERROR;
				GCC_WARN_UNDECLARED_SELECTOR = YES;
				GCC_WARN_UNINITIALIZED_AUTOS = YES_AGGRESSIVE;
				GCC_WARN_UNUSED_FUNCTION = YES;
				GCC_WARN_UNUSED_VARIABLE = YES;
				IPHONEOS_DEPLOYMENT_TARGET = 8.1;
				MTL_ENABLE_DEBUG_INFO = NO;
				SDKROOT = iphoneos;
				VALIDATE_PRODUCT = YES;
			};
			name = Release;
		};
		B245001E1A0421BF00926802 /* Debug */ = {
			isa = XCBuildConfiguration;
			buildSettings = {
				ASSETCATALOG_COMPILER_APPICON_NAME = AppIcon;
				INFOPLIST_FILE = HelloWorld/Info.plist;
				LD_RUNPATH_SEARCH_PATHS = "$(inherited) @executable_path/Frameworks";
				PRODUCT_NAME = "$(TARGET_NAME)";
			};
			name = Debug;
		};
		B245001F1A0421BF00926802 /* Release */ = {
			isa = XCBuildConfiguration;
			buildSettings = {
				ASSETCATALOG_COMPILER_APPICON_NAME = AppIcon;
				INFOPLIST_FILE = HelloWorld/Info.plist;
				LD_RUNPATH_SEARCH_PATHS = "$(inherited) @executable_path/Frameworks";
				PRODUCT_NAME = "$(TARGET_NAME)";
			};
			name = Release;
		};
		B24500211A0421BF00926802 /* Debug */ = {
			isa = XCBuildConfiguration;
			buildSettings = {
				BUNDLE_LOADER = "$(TEST_HOST)";
				FRAMEWORK_SEARCH_PATHS = (
					"$(SDKROOT)/Developer/Library/Frameworks",
					"$(inherited)",
				);
				GCC_PREPROCESSOR_DEFINITIONS = (
					"DEBUG=1",
					"$(inherited)",
				);
				INFOPLIST_FILE = HelloWorldTests/Info.plist;
				LD_RUNPATH_SEARCH_PATHS = "$(inherited) @executable_path/Frameworks @loader_path/Frameworks";
				PRODUCT_NAME = "$(TARGET_NAME)";
				TEST_HOST = "$(BUILT_PRODUCTS_DIR)/HelloWorld.app/HelloWorld";
			};
			name = Debug;
		};
		B24500221A0421BF00926802 /* Release */ = {
			isa = XCBuildConfiguration;
			buildSettings = {
				BUNDLE_LOADER = "$(TEST_HOST)";
				FRAMEWORK_SEARCH_PATHS = (
					"$(SDKROOT)/Developer/Library/Frameworks",
					"$(inherited)",
				);
				INFOPLIST_FILE = HelloWorldTests/Info.plist;
				LD_RUNPATH_SEARCH_PATHS = "$(inherited) @executable_path/Frameworks @loader_path/Frameworks";
				PRODUCT_NAME = "$(TARGET_NAME)";
				TEST_HOST = "$(BUILT_PRODUCTS_DIR)/HelloWorld.app/HelloWorld";
			};
			name = Release;
		};
/* End XCBuildConfiguration section */

/* Begin XCConfigurationList section */
		B245001D1A0421BF00926802 /* Build configuration list for PBXNativeTarget "HelloWorld" */ = {
			isa = XCConfigurationList;
			buildConfigurations = (
				B245001E1A0421BF00926802 /* Debug */,
				B245001F1A0421BF00926802 /* Release */,
			);
			defaultConfigurationIsVisible = 0;
		};
		B24500201A0421BF00926802 /* Build configuration list for PBXNativeTarget "HelloWorldTests" */ = {
			isa = XCConfigurationList;
			buildConfigurations = (
				B24500211A0421BF00926802 /* Debug */,
				B24500221A0421BF00926802 /* Release */,
			);
			defaultConfigurationIsVisible = 0;
		};
		B245FFF91A0421BF00926802 /* Build configuration list for PBXProject "HelloWorld" */ = {
			isa = XCConfigurationList;
			buildConfigurations = (
				B245001B1A0421BF00926802 /* Debug */,
				B245001C1A0421BF00926802 /* Release */,
			);
			defaultConfigurationIsVisible = 0;
			defaultConfigurationName = Release;
		};
/* End XCConfigurationList section */
	};
	rootObject = B245FFF61A0421BF00926802 /* Project object */;
}
